
Microsoft Visual Studio Solution File, Format Version 12.00
# Visual Studio 15
VisualStudioVersion = 15.0.27130.2010
MinimumVisualStudioVersion = 10.0.40219.1
Project("{FAE04EC0-301F-11D3-BF4B-00C04F79EFBC}") = "Enigma", "Enigma\Enigma.csproj", "{2DA63B23-6E3F-4D73-9A2F-04B09C33FCF1}"
EndProject
Global
	GlobalSection(SolutionConfigurationPlatforms) = preSolution
		Debug|Any CPU = Debug|Any CPU
		Release|Any CPU = Release|Any CPU
	EndGlobalSection
	GlobalSection(ProjectConfigurationPlatforms) = postSolution
		{2DA63B23-6E3F-4D73-9A2F-04B09C33FCF1}.Debug|Any CPU.ActiveCfg = Debug|Any CPU
		{2DA63B23-6E3F-4D73-9A2F-04B09C33FCF1}.Debug|Any CPU.Build.0 = Debug|Any CPU
		{2DA63B23-6E3F-4D73-9A2F-04B09C33FCF1}.Release|Any CPU.ActiveCfg = Release|Any CPU
		{2DA63B23-6E3F-4D73-9A2F-04B09C33FCF1}.Release|Any CPU.Build.0 = Release|Any CPU
	EndGlobalSection
	GlobalSection(SolutionProperties) = preSolution
		HideSolutionNode = FALSE
	EndGlobalSection
	GlobalSection(ExtensibilityGlobals) = postSolution
		SolutionGuid = {06DD5B94-4353-468D-824F-246BE79F4612}
	EndGlobalSection
EndGlobal
