
Microsoft Visual Studio Solution File, Format Version 12.00
# Visual Studio 15
VisualStudioVersion = 15.0.27130.2010
MinimumVisualStudioVersion = 10.0.40219.1
Project("{FAE04EC0-301F-11D3-BF4B-00C04F79EFBC}") = "SelectionSort", "SelectionSort\SelectionSort.csproj", "{302AA56D-C0F7-4814-A78E-AD3BDDE935A2}"
EndProject
Global
	GlobalSection(SolutionConfigurationPlatforms) = preSolution
		Debug|Any CPU = Debug|Any CPU
		Release|Any CPU = Release|Any CPU
	EndGlobalSection
	GlobalSection(ProjectConfigurationPlatforms) = postSolution
		{302AA56D-C0F7-4814-A78E-AD3BDDE935A2}.Debug|Any CPU.ActiveCfg = Debug|Any CPU
		{302AA56D-C0F7-4814-A78E-AD3BDDE935A2}.Debug|Any CPU.Build.0 = Debug|Any CPU
		{302AA56D-C0F7-4814-A78E-AD3BDDE935A2}.Release|Any CPU.ActiveCfg = Release|Any CPU
		{302AA56D-C0F7-4814-A78E-AD3BDDE935A2}.Release|Any CPU.Build.0 = Release|Any CPU
	EndGlobalSection
	GlobalSection(SolutionProperties) = preSolution
		HideSolutionNode = FALSE
	EndGlobalSection
	GlobalSection(ExtensibilityGlobals) = postSolution
		SolutionGuid = {9A3D0E5F-965E-4BC4-B8CF-C8201BDAE097}
	EndGlobalSection
EndGlobal
