
Microsoft Visual Studio Solution File, Format Version 12.00
# Visual Studio 15
VisualStudioVersion = 15.0.27130.2010
MinimumVisualStudioVersion = 10.0.40219.1
Project("{FAE04EC0-301F-11D3-BF4B-00C04F79EFBC}") = "SalesManPrb2", "SalesManPrb2\SalesManPrb2.csproj", "{64563121-8E32-4126-B7D4-FF748E206ACA}"
EndProject
Global
	GlobalSection(SolutionConfigurationPlatforms) = preSolution
		Debug|Any CPU = Debug|Any CPU
		Release|Any CPU = Release|Any CPU
	EndGlobalSection
	GlobalSection(ProjectConfigurationPlatforms) = postSolution
		{64563121-8E32-4126-B7D4-FF748E206ACA}.Debug|Any CPU.ActiveCfg = Debug|Any CPU
		{64563121-8E32-4126-B7D4-FF748E206ACA}.Debug|Any CPU.Build.0 = Debug|Any CPU
		{64563121-8E32-4126-B7D4-FF748E206ACA}.Release|Any CPU.ActiveCfg = Release|Any CPU
		{64563121-8E32-4126-B7D4-FF748E206ACA}.Release|Any CPU.Build.0 = Release|Any CPU
	EndGlobalSection
	GlobalSection(SolutionProperties) = preSolution
		HideSolutionNode = FALSE
	EndGlobalSection
	GlobalSection(ExtensibilityGlobals) = postSolution
		SolutionGuid = {28A5AD29-EC34-4FAC-9304-3B6184129851}
	EndGlobalSection
EndGlobal
